
Microsoft Visual Studio Solution File, Format Version 12.00
# Visual Studio 15
VisualStudioVersion = 15.0.27130.2010
MinimumVisualStudioVersion = 10.0.40219.1
Project("{2150E333-8FDC-42A3-9474-1A3956D46DE8}") = "SamplesByNuget", "SamplesByNuget", "{C42D9712-5ADC-4FF3-BA67-773C17A769D9}"
EndProject
Project("{FAE04EC0-301F-11D3-BF4B-00C04F79EFBC}") = "ConsoleAppByNuget", "SamplesByNuget\ConsoleAppByNuget\ConsoleAppByNuget.csproj", "{869B1B69-FCBC-4584-B800-E32F55A9BF93}"
EndProject
Project("{FAE04EC0-301F-11D3-BF4B-00C04F79EFBC}") = "AppInstanceRepositoryByNuget", "SamplesByNuget\AppInstanceRepositoryByNuget\AppInstanceRepositoryByNuget.csproj", "{95E4AD23-A658-46E0-AC84-04A16B619B97}"
EndProject
Project("{FAE04EC0-301F-11D3-BF4B-00C04F79EFBC}") = "DotNetCoreConsoleAppByNuget", "DotNetCoreConsoleAppByNuget\DotNetCoreConsoleAppByNuget.csproj", "{B504308D-0173-4FE7-84BA-7A15B514BCB7}"
EndProject
Global
	GlobalSection(SolutionConfigurationPlatforms) = preSolution
		Debug|Any CPU = Debug|Any CPU
		Release|Any CPU = Release|Any CPU
	EndGlobalSection
	GlobalSection(ProjectConfigurationPlatforms) = postSolution
		{869B1B69-FCBC-4584-B800-E32F55A9BF93}.Debug|Any CPU.ActiveCfg = Debug|Any CPU
		{869B1B69-FCBC-4584-B800-E32F55A9BF93}.Debug|Any CPU.Build.0 = Debug|Any CPU
		{869B1B69-FCBC-4584-B800-E32F55A9BF93}.Release|Any CPU.ActiveCfg = Release|Any CPU
		{869B1B69-FCBC-4584-B800-E32F55A9BF93}.Release|Any CPU.Build.0 = Release|Any CPU
		{95E4AD23-A658-46E0-AC84-04A16B619B97}.Debug|Any CPU.ActiveCfg = Debug|Any CPU
		{95E4AD23-A658-46E0-AC84-04A16B619B97}.Debug|Any CPU.Build.0 = Debug|Any CPU
		{95E4AD23-A658-46E0-AC84-04A16B619B97}.Release|Any CPU.ActiveCfg = Release|Any CPU
		{95E4AD23-A658-46E0-AC84-04A16B619B97}.Release|Any CPU.Build.0 = Release|Any CPU
		{B504308D-0173-4FE7-84BA-7A15B514BCB7}.Debug|Any CPU.ActiveCfg = Debug|Any CPU
		{B504308D-0173-4FE7-84BA-7A15B514BCB7}.Debug|Any CPU.Build.0 = Debug|Any CPU
		{B504308D-0173-4FE7-84BA-7A15B514BCB7}.Release|Any CPU.ActiveCfg = Release|Any CPU
		{B504308D-0173-4FE7-84BA-7A15B514BCB7}.Release|Any CPU.Build.0 = Release|Any CPU
	EndGlobalSection
	GlobalSection(SolutionProperties) = preSolution
		HideSolutionNode = FALSE
	EndGlobalSection
	GlobalSection(NestedProjects) = preSolution
		{869B1B69-FCBC-4584-B800-E32F55A9BF93} = {C42D9712-5ADC-4FF3-BA67-773C17A769D9}
		{95E4AD23-A658-46E0-AC84-04A16B619B97} = {C42D9712-5ADC-4FF3-BA67-773C17A769D9}
		{B504308D-0173-4FE7-84BA-7A15B514BCB7} = {C42D9712-5ADC-4FF3-BA67-773C17A769D9}
	EndGlobalSection
	GlobalSection(ExtensibilityGlobals) = postSolution
		SolutionGuid = {35487A1D-A847-4F73-837F-44AB3557C7CB}
	EndGlobalSection
EndGlobal
